
Microsoft Visual Studio Solution File, Format Version 12.00
# Visual Studio Version 17
VisualStudioVersion = 17.5.33516.290
MinimumVisualStudioVersion = 10.0.40219.1
Project("{FAE04EC0-301F-11D3-BF4B-00C04F79EFBC}") = "WebApiMinimal", "WebApiMinimal\WebApiMinimal.csproj", "{6B54026F-42C3-494E-9F95-FB3CD5F44B1C}"
EndProject
Project("{FAE04EC0-301F-11D3-BF4B-00C04F79EFBC}") = "WebApiMVC", "WebApiMVC\WebApiMVC.csproj", "{EE85063D-864A-4E39-B66F-14085F0D2C4B}"
EndProject
Project("{FAE04EC0-301F-11D3-BF4B-00C04F79EFBC}") = "MyServices", "MyServices\MyServices.csproj", "{592FE37A-B823-408B-90B6-4AB59BF63AC2}"
EndProject
Project("{FAE04EC0-301F-11D3-BF4B-00C04F79EFBC}") = "WebAppMVC", "WebAppMVC\WebAppMVC.csproj", "{3916B22B-5189-4361-96C8-E76B4C91B413}"
EndProject
Global
	GlobalSection(SolutionConfigurationPlatforms) = preSolution
		Debug|Any CPU = Debug|Any CPU
		Release|Any CPU = Release|Any CPU
	EndGlobalSection
	GlobalSection(ProjectConfigurationPlatforms) = postSolution
		{6B54026F-42C3-494E-9F95-FB3CD5F44B1C}.Debug|Any CPU.ActiveCfg = Debug|Any CPU
		{6B54026F-42C3-494E-9F95-FB3CD5F44B1C}.Debug|Any CPU.Build.0 = Debug|Any CPU
		{6B54026F-42C3-494E-9F95-FB3CD5F44B1C}.Release|Any CPU.ActiveCfg = Release|Any CPU
		{6B54026F-42C3-494E-9F95-FB3CD5F44B1C}.Release|Any CPU.Build.0 = Release|Any CPU
		{EE85063D-864A-4E39-B66F-14085F0D2C4B}.Debug|Any CPU.ActiveCfg = Debug|Any CPU
		{EE85063D-864A-4E39-B66F-14085F0D2C4B}.Debug|Any CPU.Build.0 = Debug|Any CPU
		{EE85063D-864A-4E39-B66F-14085F0D2C4B}.Release|Any CPU.ActiveCfg = Release|Any CPU
		{EE85063D-864A-4E39-B66F-14085F0D2C4B}.Release|Any CPU.Build.0 = Release|Any CPU
		{592FE37A-B823-408B-90B6-4AB59BF63AC2}.Debug|Any CPU.ActiveCfg = Debug|Any CPU
		{592FE37A-B823-408B-90B6-4AB59BF63AC2}.Debug|Any CPU.Build.0 = Debug|Any CPU
		{592FE37A-B823-408B-90B6-4AB59BF63AC2}.Release|Any CPU.ActiveCfg = Release|Any CPU
		{592FE37A-B823-408B-90B6-4AB59BF63AC2}.Release|Any CPU.Build.0 = Release|Any CPU
		{3916B22B-5189-4361-96C8-E76B4C91B413}.Debug|Any CPU.ActiveCfg = Debug|Any CPU
		{3916B22B-5189-4361-96C8-E76B4C91B413}.Debug|Any CPU.Build.0 = Debug|Any CPU
		{3916B22B-5189-4361-96C8-E76B4C91B413}.Release|Any CPU.ActiveCfg = Release|Any CPU
		{3916B22B-5189-4361-96C8-E76B4C91B413}.Release|Any CPU.Build.0 = Release|Any CPU
	EndGlobalSection
	GlobalSection(SolutionProperties) = preSolution
		HideSolutionNode = FALSE
	EndGlobalSection
	GlobalSection(ExtensibilityGlobals) = postSolution
		SolutionGuid = {D608E8F0-556D-4745-988A-9FCE11B833AF}
	EndGlobalSection
EndGlobal
