
Microsoft Visual Studio Solution File, Format Version 12.00
# Visual Studio Version 17
VisualStudioVersion = 17.5.33516.290
MinimumVisualStudioVersion = 10.0.40219.1
Project("{FAE04EC0-301F-11D3-BF4B-00C04F79EFBC}") = "WebApiMinimal", "WebApiMinimal\WebApiMinimal.csproj", "{09997B16-75E6-48AD-BB71-692A1DCD7EA6}"
EndProject
Global
	GlobalSection(SolutionConfigurationPlatforms) = preSolution
		Debug|Any CPU = Debug|Any CPU
		Release|Any CPU = Release|Any CPU
	EndGlobalSection
	GlobalSection(ProjectConfigurationPlatforms) = postSolution
		{09997B16-75E6-48AD-BB71-692A1DCD7EA6}.Debug|Any CPU.ActiveCfg = Debug|Any CPU
		{09997B16-75E6-48AD-BB71-692A1DCD7EA6}.Debug|Any CPU.Build.0 = Debug|Any CPU
		{09997B16-75E6-48AD-BB71-692A1DCD7EA6}.Release|Any CPU.ActiveCfg = Release|Any CPU
		{09997B16-75E6-48AD-BB71-692A1DCD7EA6}.Release|Any CPU.Build.0 = Release|Any CPU
	EndGlobalSection
	GlobalSection(SolutionProperties) = preSolution
		HideSolutionNode = FALSE
	EndGlobalSection
	GlobalSection(ExtensibilityGlobals) = postSolution
		SolutionGuid = {0E22263B-0DBD-42D4-9419-4719971B9B27}
	EndGlobalSection
EndGlobal
